// !$*UTF8*$!
{
	archiveVersion = 1;
	classes = {
	};
	objectVersion = 55;
	objects = {

/* Begin PBXBuildFile section */
		4A8A9A7D27AAD81000457DEB /* AppDelegate.swift in Sources */ = {isa = PBXBuildFile; fileRef = 4A8A9A7C27AAD81000457DEB /* AppDelegate.swift */; };
		4A8A9A7F27AAD81000457DEB /* SceneDelegate.swift in Sources */ = {isa = PBXBuildFile; fileRef = 4A8A9A7E27AAD81000457DEB /* SceneDelegate.swift */; };
		4A8A9A8127AAD81000457DEB /* ViewController.swift in Sources */ = {isa = PBXBuildFile; fileRef = 4A8A9A8027AAD81000457DEB /* ViewController.swift */; };
		4A8A9A8427AAD81000457DEB /* Main.storyboard in Resources */ = {isa = PBXBuildFile; fileRef = 4A8A9A8227AAD81000457DEB /* Main.storyboard */; };
		4A8A9A8627AAD81200457DEB /* Assets.xcassets in Resources */ = {isa = PBXBuildFile; fileRef = 4A8A9A8527AAD81200457DEB /* Assets.xcassets */; };
		4A8A9A8927AAD81200457DEB /* LaunchScreen.storyboard in Resources */ = {isa = PBXBuildFile; fileRef = 4A8A9A8727AAD81200457DEB /* LaunchScreen.storyboard */; };
		4A8A9A9427AAD81200457DEB /* preworkTests.swift in Sources */ = {isa = PBXBuildFile; fileRef = 4A8A9A9327AAD81200457DEB /* preworkTests.swift */; };
		4A8A9A9E27AAD81200457DEB /* preworkUITests.swift in Sources */ = {isa = PBXBuildFile; fileRef = 4A8A9A9D27AAD81200457DEB /* preworkUITests.swift */; };
		4A8A9AA027AAD81200457DEB /* preworkUITestsLaunchTests.swift in Sources */ = {isa = PBXBuildFile; fileRef = 4A8A9A9F27AAD81200457DEB /* preworkUITestsLaunchTests.swift */; };
/* End PBXBuildFile section */

/* Begin PBXContainerItemProxy section */
		4A8A9A9027AAD81200457DEB /* PBXContainerItemProxy */ = {
			isa = PBXContainerItemProxy;
			containerPortal = 4A8A9A7127AAD80F00457DEB /* Project object */;
			proxyType = 1;
			remoteGlobalIDString = 4A8A9A7827AAD81000457DEB;
			remoteInfo = prework;
		};
		4A8A9A9A27AAD81200457DEB /* PBXContainerItemProxy */ = {
			isa = PBXContainerItemProxy;
			containerPortal = 4A8A9A7127AAD80F00457DEB /* Project object */;
			proxyType = 1;
			remoteGlobalIDString = 4A8A9A7827AAD81000457DEB;
			remoteInfo = prework;
		};
/* End PBXContainerItemProxy section */

/* Begin PBXFileReference section */
		4A8A9A7927AAD81000457DEB /* prework.app */ = {isa = PBXFileReference; explicitFileType = wrapper.application; includeInIndex = 0; path = prework.app; sourceTree = BUILT_PRODUCTS_DIR; };
		4A8A9A7C27AAD81000457DEB /* AppDelegate.swift */ = {isa = PBXFileReference; lastKnownFileType = sourcecode.swift; path = AppDelegate.swift; sourceTree = "<group>"; };
		4A8A9A7E27AAD81000457DEB /* SceneDelegate.swift */ = {isa = PBXFileReference; lastKnownFileType = sourcecode.swift; path = SceneDelegate.swift; sourceTree = "<group>"; };
		4A8A9A8027AAD81000457DEB /* ViewController.swift */ = {isa = PBXFileReference; lastKnownFileType = sourcecode.swift; path = ViewController.swift; sourceTree = "<group>"; };
		4A8A9A8327AAD81000457DEB /* Base */ = {isa = PBXFileReference; lastKnownFileType = file.storyboard; name = Base; path = Base.lproj/Main.storyboard; sourceTree = "<group>"; };
		4A8A9A8527AAD81200457DEB /* Assets.xcassets */ = {isa = PBXFileReference; lastKnownFileType = folder.assetcatalog; path = Assets.xcassets; sourceTree = "<group>"; };
		4A8A9A8827AAD81200457DEB /* Base */ = {isa = PBXFileReference; lastKnownFileType = file.storyboard; name = Base; path = Base.lproj/LaunchScreen.storyboard; sourceTree = "<group>"; };
		4A8A9A8A27AAD81200457DEB /* Info.plist */ = {isa = PBXFileReference; lastKnownFileType = text.plist.xml; path = Info.plist; sourceTree = "<group>"; };
		4A8A9A8F27AAD81200457DEB /* preworkTests.xctest */ = {isa = PBXFileReference; explicitFileType = wrapper.cfbundle; includeInIndex = 0; path = preworkTests.xctest; sourceTree = BUILT_PRODUCTS_DIR; };
		4A8A9A9327AAD81200457DEB /* preworkTests.swift */ = {isa = PBXFileReference; lastKnownFileType = sourcecode.swift; path = preworkTests.swift; sourceTree = "<group>"; };
		4A8A9A9927AAD81200457DEB /* preworkUITests.xctest */ = {isa = PBXFileReference; explicitFileType = wrapper.cfbundle; includeInIndex = 0; path = preworkUITests.xctest; sourceTree = BUILT_PRODUCTS_DIR; };
		4A8A9A9D27AAD81200457DEB /* preworkUITests.swift */ = {isa = PBXFileReference; lastKnownFileType = sourcecode.swift; path = preworkUITests.swift; sourceTree = "<group>"; };
		4A8A9A9F27AAD81200457DEB /* preworkUITestsLaunchTests.swift */ = {isa = PBXFileReference; lastKnownFileType = sourcecode.swift; path = preworkUITestsLaunchTests.swift; sourceTree = "<group>"; };
/* End PBXFileReference section */

/* Begin PBXFrameworksBuildPhase section */
		4A8A9A7627AAD81000457DEB /* Frameworks */ = {
			isa = PBXFrameworksBuildPhase;
			buildActionMask = 2147483647;
			files = (
			);
			runOnlyForDeploymentPostprocessing = 0;
		};
		4A8A9A8C27AAD81200457DEB /* Frameworks */ = {
			isa = PBXFrameworksBuildPhase;
			buildActionMask = 2147483647;
			files = (
			);
			runOnlyForDeploymentPostprocessing = 0;
		};
		4A8A9A9627AAD81200457DEB /* Frameworks */ = {
			isa = PBXFrameworksBuildPhase;
			buildActionMask = 2147483647;
			files = (
			);
			runOnlyForDeploymentPostprocessing = 0;
		};
/* End PBXFrameworksBuildPhase section */

/* Begin PBXGroup section */
		4A8A9A7027AAD80F00457DEB = {
			isa = PBXGroup;
			children = (
				4A8A9A7B27AAD81000457DEB /* prework */,
				4A8A9A9227AAD81200457DEB /* preworkTests */,
				4A8A9A9C27AAD81200457DEB /* preworkUITests */,
				4A8A9A7A27AAD81000457DEB /* Products */,
			);
			sourceTree = "<group>";
		};
		4A8A9A7A27AAD81000457DEB /* Products */ = {
			isa = PBXGroup;
			children = (
				4A8A9A7927AAD81000457DEB /* prework.app */,
				4A8A9A8F27AAD81200457DEB /* preworkTests.xctest */,
				4A8A9A9927AAD81200457DEB /* preworkUITests.xctest */,
			);
			name = Products;
			sourceTree = "<group>";
		};
		4A8A9A7B27AAD81000457DEB /* prework */ = {
			isa = PBXGroup;
			children = (
				4A8A9A7C27AAD81000457DEB /* AppDelegate.swift */,
				4A8A9A7E27AAD81000457DEB /* SceneDelegate.swift */,
				4A8A9A8027AAD81000457DEB /* ViewController.swift */,
				4A8A9A8227AAD81000457DEB /* Main.storyboard */,
				4A8A9A8527AAD81200457DEB /* Assets.xcassets */,
				4A8A9A8727AAD81200457DEB /* LaunchScreen.storyboard */,
				4A8A9A8A27AAD81200457DEB /* Info.plist */,
			);
			path = prework;
			sourceTree = "<group>";
		};
		4A8A9A9227AAD81200457DEB /* preworkTests */ = {
			isa = PBXGroup;
			children = (
				4A8A9A9327AAD81200457DEB /* preworkTests.swift */,
			);
			path = preworkTests;
			sourceTree = "<group>";
		};
		4A8A9A9C27AAD81200457DEB /* preworkUITests */ = {
			isa = PBXGroup;
			children = (
				4A8A9A9D27AAD81200457DEB /* preworkUITests.swift */,
				4A8A9A9F27AAD81200457DEB /* preworkUITestsLaunchTests.swift */,
			);
			path = preworkUITests;
			sourceTree = "<group>";
		};
/* End PBXGroup section */

/* Begin PBXNativeTarget section */
		4A8A9A7827AAD81000457DEB /* prework */ = {
			isa = PBXNativeTarget;
			buildConfigurationList = 4A8A9AA327AAD81200457DEB /* Build configuration list for PBXNativeTarget "prework" */;
			buildPhases = (
				4A8A9A7527AAD81000457DEB /* Sources */,
				4A8A9A7627AAD81000457DEB /* Frameworks */,
				4A8A9A7727AAD81000457DEB /* Resources */,
			);
			buildRules = (
			);
			dependencies = (
			);
			name = prework;
			productName = prework;
			productReference = 4A8A9A7927AAD81000457DEB /* prework.app */;
			productType = "com.apple.product-type.application";
		};
		4A8A9A8E27AAD81200457DEB /* preworkTests */ = {
			isa = PBXNativeTarget;
			buildConfigurationList = 4A8A9AA627AAD81200457DEB /* Build configuration list for PBXNativeTarget "preworkTests" */;
			buildPhases = (
				4A8A9A8B27AAD81200457DEB /* Sources */,
				4A8A9A8C27AAD81200457DEB /* Frameworks */,
				4A8A9A8D27AAD81200457DEB /* Resources */,
			);
			buildRules = (
			);
			dependencies = (
				4A8A9A9127AAD81200457DEB /* PBXTargetDependency */,
			);
			name = preworkTests;
			productName = preworkTests;
			productReference = 4A8A9A8F27AAD81200457DEB /* preworkTests.xctest */;
			productType = "com.apple.product-type.bundle.unit-test";
		};
		4A8A9A9827AAD81200457DEB /* preworkUITests */ = {
			isa = PBXNativeTarget;
			buildConfigurationList = 4A8A9AA927AAD81200457DEB /* Build configuration list for PBXNativeTarget "preworkUITests" */;
			buildPhases = (
				4A8A9A9527AAD81200457DEB /* Sources */,
				4A8A9A9627AAD81200457DEB /* Frameworks */,
				4A8A9A9727AAD81200457DEB /* Resources */,
			);
			buildRules = (
			);
			dependencies = (
				4A8A9A9B27AAD81200457DEB /* PBXTargetDependency */,
			);
			name = preworkUITests;
			productName = preworkUITests;
			productReference = 4A8A9A9927AAD81200457DEB /* preworkUITests.xctest */;
			productType = "com.apple.product-type.bundle.ui-testing";
		};
/* End PBXNativeTarget section */

/* Begin PBXProject section */
		4A8A9A7127AAD80F00457DEB /* Project object */ = {
			isa = PBXProject;
			attributes = {
				BuildIndependentTargetsInParallel = 1;
				LastSwiftUpdateCheck = 1320;
				LastUpgradeCheck = 1320;
				TargetAttributes = {
					4A8A9A7827AAD81000457DEB = {
						CreatedOnToolsVersion = 13.2.1;
					};
					4A8A9A8E27AAD81200457DEB = {
						CreatedOnToolsVersion = 13.2.1;
						TestTargetID = 4A8A9A7827AAD81000457DEB;
					};
					4A8A9A9827AAD81200457DEB = {
						CreatedOnToolsVersion = 13.2.1;
						TestTargetID = 4A8A9A7827AAD81000457DEB;
					};
				};
			};
			buildConfigurationList = 4A8A9A7427AAD80F00457DEB /* Build configuration list for PBXProject "prework" */;
			compatibilityVersion = "Xcode 13.0";
			developmentRegion = en;
			hasScannedForEncodings = 0;
			knownRegions = (
				en,
				Base,
			);
			mainGroup = 4A8A9A7027AAD80F00457DEB;
			productRefGroup = 4A8A9A7A27AAD81000457DEB /* Products */;
			projectDirPath = "";
			projectRoot = "";
			targets = (
				4A8A9A7827AAD81000457DEB /* prework */,
				4A8A9A8E27AAD81200457DEB /* preworkTests */,
				4A8A9A9827AAD81200457DEB /* preworkUITests */,
			);
		};
/* End PBXProject section */

/* Begin PBXResourcesBuildPhase section */
		4A8A9A7727AAD81000457DEB /* Resources */ = {
			isa = PBXResourcesBuildPhase;
			buildActionMask = 2147483647;
			files = (
				4A8A9A8927AAD81200457DEB /* LaunchScreen.storyboard in Resources */,
				4A8A9A8627AAD81200457DEB /* Assets.xcassets in Resources */,
				4A8A9A8427AAD81000457DEB /* Main.storyboard in Resources */,
			);
			runOnlyForDeploymentPostprocessing = 0;
		};
		4A8A9A8D27AAD81200457DEB /* Resources */ = {
			isa = PBXResourcesBuildPhase;
			buildActionMask = 2147483647;
			files = (
			);
			runOnlyForDeploymentPostprocessing = 0;
		};
		4A8A9A9727AAD81200457DEB /* Resources */ = {
			isa = PBXResourcesBuildPhase;
			buildActionMask = 2147483647;
			files = (
			);
			runOnlyForDeploymentPostprocessing = 0;
		};
/* End PBXResourcesBuildPhase section */

/* Begin PBXSourcesBuildPhase section */
		4A8A9A7527AAD81000457DEB /* Sources */ = {
			isa = PBXSourcesBuildPhase;
			buildActionMask = 2147483647;
			files = (
				4A8A9A8127AAD81000457DEB /* ViewController.swift in Sources */,
				4A8A9A7D27AAD81000457DEB /* AppDelegate.swift in Sources */,
				4A8A9A7F27AAD81000457DEB /* SceneDelegate.swift in Sources */,
			);
			runOnlyForDeploymentPostprocessing = 0;
		};
		4A8A9A8B27AAD81200457DEB /* Sources */ = {
			isa = PBXSourcesBuildPhase;
			buildActionMask = 2147483647;
			files = (
				4A8A9A9427AAD81200457DEB /* preworkTests.swift in Sources */,
			);
			runOnlyForDeploymentPostprocessing = 0;
		};
		4A8A9A9527AAD81200457DEB /* Sources */ = {
			isa = PBXSourcesBuildPhase;
			buildActionMask = 2147483647;
			files = (
				4A8A9A9E27AAD81200457DEB /* preworkUITests.swift in Sources */,
				4A8A9AA027AAD81200457DEB /* preworkUITestsLaunchTests.swift in Sources */,
			);
			runOnlyForDeploymentPostprocessing = 0;
		};
/* End PBXSourcesBuildPhase section */

/* Begin PBXTargetDependency section */
		4A8A9A9127AAD81200457DEB /* PBXTargetDependency */ = {
			isa = PBXTargetDependency;
			target = 4A8A9A7827AAD81000457DEB /* prework */;
			targetProxy = 4A8A9A9027AAD81200457DEB /* PBXContainerItemProxy */;
		};
		4A8A9A9B27AAD81200457DEB /* PBXTargetDependency */ = {
			isa = PBXTargetDependency;
			target = 4A8A9A7827AAD81000457DEB /* prework */;
			targetProxy = 4A8A9A9A27AAD81200457DEB /* PBXContainerItemProxy */;
		};
/* End PBXTargetDependency section */

/* Begin PBXVariantGroup section */
		4A8A9A8227AAD81000457DEB /* Main.storyboard */ = {
			isa = PBXVariantGroup;
			children = (
				4A8A9A8327AAD81000457DEB /* Base */,
			);
			name = Main.storyboard;
			sourceTree = "<group>";
		};
		4A8A9A8727AAD81200457DEB /* LaunchScreen.storyboard */ = {
			isa = PBXVariantGroup;
			children = (
				4A8A9A8827AAD81200457DEB /* Base */,
			);
			name = LaunchScreen.storyboard;
			sourceTree = "<group>";
		};
/* End PBXVariantGroup section */

/* Begin XCBuildConfiguration section */
		4A8A9AA127AAD81200457DEB /* Debug */ = {
			isa = XCBuildConfiguration;
			buildSettings = {
				ALWAYS_SEARCH_USER_PATHS = NO;
				CLANG_ANALYZER_NONNULL = YES;
				CLANG_ANALYZER_NUMBER_OBJECT_CONVERSION = YES_AGGRESSIVE;
				CLANG_CXX_LANGUAGE_STANDARD = "gnu++17";
				CLANG_CXX_LIBRARY = "libc++";
				CLANG_ENABLE_MODULES = YES;
				CLANG_ENABLE_OBJC_ARC = YES;
				CLANG_ENABLE_OBJC_WEAK = YES;
				CLANG_WARN_BLOCK_CAPTURE_AUTORELEASING = YES;
				CLANG_WARN_BOOL_CONVERSION = YES;
				CLANG_WARN_COMMA = YES;
				CLANG_WARN_CONSTANT_CONVERSION = YES;
				CLANG_WARN_DEPRECATED_OBJC_IMPLEMENTATIONS = YES;
				CLANG_WARN_DIRECT_OBJC_ISA_USAGE = YES_ERROR;
				CLANG_WARN_DOCUMENTATION_COMMENTS = YES;
				CLANG_WARN_EMPTY_BODY = YES;
				CLANG_WARN_ENUM_CONVERSION = YES;
				CLANG_WARN_INFINITE_RECURSION = YES;
				CLANG_WARN_INT_CONVERSION = YES;
				CLANG_WARN_NON_LITERAL_NULL_CONVERSION = YES;
				CLANG_WARN_OBJC_IMPLICIT_RETAIN_SELF = YES;
				CLANG_WARN_OBJC_LITERAL_CONVERSION = YES;
				CLANG_WARN_OBJC_ROOT_CLASS = YES_ERROR;
				CLANG_WARN_QUOTED_INCLUDE_IN_FRAMEWORK_HEADER = YES;
				CLANG_WARN_RANGE_LOOP_ANALYSIS = YES;
				CLANG_WARN_STRICT_PROTOTYPES = YES;
				CLANG_WARN_SUSPICIOUS_MOVE = YES;
				CLANG_WARN_UNGUARDED_AVAILABILITY = YES_AGGRESSIVE;
				CLANG_WARN_UNREACHABLE_CODE = YES;
				CLANG_WARN__DUPLICATE_METHOD_MATCH = YES;
				COPY_PHASE_STRIP = NO;
				DEBUG_INFORMATION_FORMAT = dwarf;
				ENABLE_STRICT_OBJC_MSGSEND = YES;
				ENABLE_TESTABILITY = YES;
				GCC_C_LANGUAGE_STANDARD = gnu11;
				GCC_DYNAMIC_NO_PIC = NO;
				GCC_NO_COMMON_BLOCKS = YES;
				GCC_OPTIMIZATION_LEVEL = 0;
				GCC_PREPROCESSOR_DEFINITIONS = (
					"DEBUG=1",
					"$(inherited)",
				);
				GCC_WARN_64_TO_32_BIT_CONVERSION = YES;
				GCC_WARN_ABOUT_RETURN_TYPE = YES_ERROR;
				GCC_WARN_UNDECLARED_SELECTOR = YES;
				GCC_WARN_UNINITIALIZED_AUTOS = YES_AGGRESSIVE;
				GCC_WARN_UNUSED_FUNCTION = YES;
				GCC_WARN_UNUSED_VARIABLE = YES;
				IPHONEOS_DEPLOYMENT_TARGET = 15.2;
				MTL_ENABLE_DEBUG_INFO = INCLUDE_SOURCE;
				MTL_FAST_MATH = YES;
				ONLY_ACTIVE_ARCH = YES;
				SDKROOT = iphoneos;
				SWIFT_ACTIVE_COMPILATION_CONDITIONS = DEBUG;
				SWIFT_OPTIMIZATION_LEVEL = "-Onone";
			};
			name = Debug;
		};
		4A8A9AA227AAD81200457DEB /* Release */ = {
			isa = XCBuildConfiguration;
			buildSettings = {
				ALWAYS_SEARCH_USER_PATHS = NO;
				CLANG_ANALYZER_NONNULL = YES;
				CLANG_ANALYZER_NUMBER_OBJECT_CONVERSION = YES_AGGRESSIVE;
				CLANG_CXX_LANGUAGE_STANDARD = "gnu++17";
				CLANG_CXX_LIBRARY = "libc++";
				CLANG_ENABLE_MODULES = YES;
				CLANG_ENABLE_OBJC_ARC = YES;
				CLANG_ENABLE_OBJC_WEAK = YES;
				CLANG_WARN_BLOCK_CAPTURE_AUTORELEASING = YES;
				CLANG_WARN_BOOL_CONVERSION = YES;
				CLANG_WARN_COMMA = YES;
				CLANG_WARN_CONSTANT_CONVERSION = YES;
				CLANG_WARN_DEPRECATED_OBJC_IMPLEMENTATIONS = YES;
				CLANG_WARN_DIRECT_OBJC_ISA_USAGE = YES_ERROR;
				CLANG_WARN_DOCUMENTATION_COMMENTS = YES;
				CLANG_WARN_EMPTY_BODY = YES;
				CLANG_WARN_ENUM_CONVERSION = YES;
				CLANG_WARN_INFINITE_RECURSION = YES;
				CLANG_WARN_INT_CONVERSION = YES;
				CLANG_WARN_NON_LITERAL_NULL_CONVERSION = YES;
				CLANG_WARN_OBJC_IMPLICIT_RETAIN_SELF = YES;
				CLANG_WARN_OBJC_LITERAL_CONVERSION = YES;
				CLANG_WARN_OBJC_ROOT_CLASS = YES_ERROR;
				CLANG_WARN_QUOTED_INCLUDE_IN_FRAMEWORK_HEADER = YES;
				CLANG_WARN_RANGE_LOOP_ANALYSIS = YES;
				CLANG_WARN_STRICT_PROTOTYPES = YES;
				CLANG_WARN_SUSPICIOUS_MOVE = YES;
				CLANG_WARN_UNGUARDED_AVAILABILITY = YES_AGGRESSIVE;
				CLANG_WARN_UNREACHABLE_CODE = YES;
				CLANG_WARN__DUPLICATE_METHOD_MATCH = YES;
				COPY_PHASE_STRIP = NO;
				DEBUG_INFORMATION_FORMAT = "dwarf-with-dsym";
				ENABLE_NS_ASSERTIONS = NO;
				ENABLE_STRICT_OBJC_MSGSEND = YES;
				GCC_C_LANGUAGE_STANDARD = gnu11;
				GCC_NO_COMMON_BLOCKS = YES;
				GCC_WARN_64_TO_32_BIT_CONVERSION = YES;
				GCC_WARN_ABOUT_RETURN_TYPE = YES_ERROR;
				GCC_WARN_UNDECLARED_SELECTOR = YES;
				GCC_WARN_UNINITIALIZED_AUTOS = YES_AGGRESSIVE;
				GCC_WARN_UNUSED_FUNCTION = YES;
				GCC_WARN_UNUSED_VARIABLE = YES;
				IPHONEOS_DEPLOYMENT_TARGET = 15.2;
				MTL_ENABLE_DEBUG_INFO = NO;
				MTL_FAST_MATH = YES;
				SDKROOT = iphoneos;
				SWIFT_COMPILATION_MODE = wholemodule;
				SWIFT_OPTIMIZATION_LEVEL = "-O";
				VALIDATE_PRODUCT = YES;
			};
			name = Release;
		};
		4A8A9AA427AAD81200457DEB /* Debug */ = {
			isa = XCBuildConfiguration;
			buildSettings = {
				ASSETCATALOG_COMPILER_APPICON_NAME = AppIcon;
				ASSETCATALOG_COMPILER_GLOBAL_ACCENT_COLOR_NAME = AccentColor;
				CODE_SIGN_STYLE = Automatic;
				CURRENT_PROJECT_VERSION = 1;
				GENERATE_INFOPLIST_FILE = YES;
				INFOPLIST_FILE = prework/Info.plist;
				INFOPLIST_KEY_UIApplicationSupportsIndirectInputEvents = YES;
				INFOPLIST_KEY_UILaunchStoryboardName = LaunchScreen;
				INFOPLIST_KEY_UIMainStoryboardFile = Main;
				INFOPLIST_KEY_UISupportedInterfaceOrientations_iPad = "UIInterfaceOrientationPortrait UIInterfaceOrientationPortraitUpsideDown UIInterfaceOrientationLandscapeLeft UIInterfaceOrientationLandscapeRight";
				INFOPLIST_KEY_UISupportedInterfaceOrientations_iPhone = "UIInterfaceOrientationPortrait UIInterfaceOrientationLandscapeLeft UIInterfaceOrientationLandscapeRight";
				LD_RUNPATH_SEARCH_PATHS = (
					"$(inherited)",
					"@executable_path/Frameworks",
				);
				MARKETING_VERSION = 1.0;
				PRODUCT_BUNDLE_IDENTIFIER = com.smsnobin77.prework.prework;
				PRODUCT_NAME = "$(TARGET_NAME)";
				SWIFT_EMIT_LOC_STRINGS = YES;
				SWIFT_VERSION = 5.0;
				TARGETED_DEVICE_FAMILY = "1,2";
			};
			name = Debug;
		};
		4A8A9AA527AAD81200457DEB /* Release */ = {
			isa = XCBuildConfiguration;
			buildSettings = {
				ASSETCATALOG_COMPILER_APPICON_NAME = AppIcon;
				ASSETCATALOG_COMPILER_GLOBAL_ACCENT_COLOR_NAME = AccentColor;
				CODE_SIGN_STYLE = Automatic;
				CURRENT_PROJECT_VERSION = 1;
				GENERATE_INFOPLIST_FILE = YES;
				INFOPLIST_FILE = prework/Info.plist;
				INFOPLIST_KEY_UIApplicationSupportsIndirectInputEvents = YES;
				INFOPLIST_KEY_UILaunchStoryboardName = LaunchScreen;
				INFOPLIST_KEY_UIMainStoryboardFile = Main;
				INFOPLIST_KEY_UISupportedInterfaceOrientations_iPad = "UIInterfaceOrientationPortrait UIInterfaceOrientationPortraitUpsideDown UIInterfaceOrientationLandscapeLeft UIInterfaceOrientationLandscapeRight";
				INFOPLIST_KEY_UISupportedInterfaceOrientations_iPhone = "UIInterfaceOrientationPortrait UIInterfaceOrientationLandscapeLeft UIInterfaceOrientationLandscapeRight";
				LD_RUNPATH_SEARCH_PATHS = (
					"$(inherited)",
					"@executable_path/Frameworks",
				);
				MARKETING_VERSION = 1.0;
				PRODUCT_BUNDLE_IDENTIFIER = com.smsnobin77.prework.prework;
				PRODUCT_NAME = "$(TARGET_NAME)";
				SWIFT_EMIT_LOC_STRINGS = YES;
				SWIFT_VERSION = 5.0;
				TARGETED_DEVICE_FAMILY = "1,2";
			};
			name = Release;
		};
		4A8A9AA727AAD81200457DEB /* Debug */ = {
			isa = XCBuildConfiguration;
			buildSettings = {
				ALWAYS_EMBED_SWIFT_STANDARD_LIBRARIES = YES;
				BUNDLE_LOADER = "$(TEST_HOST)";
				CODE_SIGN_STYLE = Automatic;
				CURRENT_PROJECT_VERSION = 1;
				GENERATE_INFOPLIST_FILE = YES;
				IPHONEOS_DEPLOYMENT_TARGET = 15.2;
				MARKETING_VERSION = 1.0;
				PRODUCT_BUNDLE_IDENTIFIER = com.smsnobin77.prework.preworkTests;
				PRODUCT_NAME = "$(TARGET_NAME)";
				SWIFT_EMIT_LOC_STRINGS = NO;
				SWIFT_VERSION = 5.0;
				TARGETED_DEVICE_FAMILY = "1,2";
				TEST_HOST = "$(BUILT_PRODUCTS_DIR)/prework.app/prework";
			};
			name = Debug;
		};
		4A8A9AA827AAD81200457DEB /* Release */ = {
			isa = XCBuildConfiguration;
			buildSettings = {
				ALWAYS_EMBED_SWIFT_STANDARD_LIBRARIES = YES;
				BUNDLE_LOADER = "$(TEST_HOST)";
				CODE_SIGN_STYLE = Automatic;
				CURRENT_PROJECT_VERSION = 1;
				GENERATE_INFOPLIST_FILE = YES;
				IPHONEOS_DEPLOYMENT_TARGET = 15.2;
				MARKETING_VERSION = 1.0;
				PRODUCT_BUNDLE_IDENTIFIER = com.smsnobin77.prework.preworkTests;
				PRODUCT_NAME = "$(TARGET_NAME)";
				SWIFT_EMIT_LOC_STRINGS = NO;
				SWIFT_VERSION = 5.0;
				TARGETED_DEVICE_FAMILY = "1,2";
				TEST_HOST = "$(BUILT_PRODUCTS_DIR)/prework.app/prework";
			};
			name = Release;
		};
		4A8A9AAA27AAD81200457DEB /* Debug */ = {
			isa = XCBuildConfiguration;
			buildSettings = {
				ALWAYS_EMBED_SWIFT_STANDARD_LIBRARIES = YES;
				CODE_SIGN_STYLE = Automatic;
				CURRENT_PROJECT_VERSION = 1;
				GENERATE_INFOPLIST_FILE = YES;
				MARKETING_VERSION = 1.0;
				PRODUCT_BUNDLE_IDENTIFIER = com.smsnobin77.prework.preworkUITests;
				PRODUCT_NAME = "$(TARGET_NAME)";
				SWIFT_EMIT_LOC_STRINGS = NO;
				SWIFT_VERSION = 5.0;
				TARGETED_DEVICE_FAMILY = "1,2";
				TEST_TARGET_NAME = prework;
			};
			name = Debug;
		};
		4A8A9AAB27AAD81200457DEB /* Release */ = {
			isa = XCBuildConfiguration;
			buildSettings = {
				ALWAYS_EMBED_SWIFT_STANDARD_LIBRARIES = YES;
				CODE_SIGN_STYLE = Automatic;
				CURRENT_PROJECT_VERSION = 1;
				GENERATE_INFOPLIST_FILE = YES;
				MARKETING_VERSION = 1.0;
				PRODUCT_BUNDLE_IDENTIFIER = com.smsnobin77.prework.preworkUITests;
				PRODUCT_NAME = "$(TARGET_NAME)";
				SWIFT_EMIT_LOC_STRINGS = NO;
				SWIFT_VERSION = 5.0;
				TARGETED_DEVICE_FAMILY = "1,2";
				TEST_TARGET_NAME = prework;
			};
			name = Release;
		};
/* End XCBuildConfiguration section */

/* Begin XCConfigurationList section */
		4A8A9A7427AAD80F00457DEB /* Build configuration list for PBXProject "prework" */ = {
			isa = XCConfigurationList;
			buildConfigurations = (
				4A8A9AA127AAD81200457DEB /* Debug */,
				4A8A9AA227AAD81200457DEB /* Release */,
			);
			defaultConfigurationIsVisible = 0;
			defaultConfigurationName = Release;
		};
		4A8A9AA327AAD81200457DEB /* Build configuration list for PBXNativeTarget "prework" */ = {
			isa = XCConfigurationList;
			buildConfigurations = (
				4A8A9AA427AAD81200457DEB /* Debug */,
				4A8A9AA527AAD81200457DEB /* Release */,
			);
			defaultConfigurationIsVisible = 0;
			defaultConfigurationName = Release;
		};
		4A8A9AA627AAD81200457DEB /* Build configuration list for PBXNativeTarget "preworkTests" */ = {
			isa = XCConfigurationList;
			buildConfigurations = (
				4A8A9AA727AAD81200457DEB /* Debug */,
				4A8A9AA827AAD81200457DEB /* Release */,
			);
			defaultConfigurationIsVisible = 0;
			defaultConfigurationName = Release;
		};
		4A8A9AA927AAD81200457DEB /* Build configuration list for PBXNativeTarget "preworkUITests" */ = {
			isa = XCConfigurationList;
			buildConfigurations = (
				4A8A9AAA27AAD81200457DEB /* Debug */,
				4A8A9AAB27AAD81200457DEB /* Release */,
			);
			defaultConfigurationIsVisible = 0;
			defaultConfigurationName = Release;
		};
/* End XCConfigurationList section */
	};
	rootObject = 4A8A9A7127AAD80F00457DEB /* Project object */;
}
